{
  "name": "choosing-a-deck",
  "version": "1.0.0",
  "lockfileVersion": 1,
  "dependencies": {
    "random-weighted": {
      "version": "1.0.0",
      "resolved": "https://registry.npmjs.org/random-weighted/-/random-weighted-1.0.0.tgz",
      "integrity": "sha1-ZJBDlXQe30c7QLks12bYdB7MnSM="
    }
  }
}
